# This file is automatically @generated by Cargo.
# It is not intended for manual editing.
version = 4

[[package]]
name = "freelist"
version = "0.1.0"

[[package]]
name = "job-echod"
version = "0.1.0"
dependencies = [
 "sydon-rt",
]

[[package]]
name = "job-fault"
version = "0.1.0"
dependencies = [
 "sydon-rt",
]

[[package]]
name = "job-flood"
version = "0.1.0"
dependencies = [
 "sydon-rt",
]

[[package]]
name = "job-hello"
version = "0.1.0"
dependencies = [
 "sydon-rt",
]

[[package]]
name = "job-kv"
version = "0.1.0"
dependencies = [
 "sydon-rt",
]

[[package]]
name = "job-kvbench"
version = "0.1.0"
dependencies = [
 "sydon-rt",
]

[[package]]
name = "job-ping"
version = "0.1.0"
dependencies = [
 "sydon-rt",
]

[[package]]
name = "job-shell"
version = "0.1.0"
dependencies = [
 "sydon-rt",
]

[[package]]
name = "job-ticker"
version = "0.1.0"
dependencies = [
 "sydon-rt",
]

[[package]]
name = "mkimage"
version = "0.1.0"

[[package]]
name = "sydon-kernel"
version = "0.1.0"
dependencies = [
 "freelist",
]

[[package]]
name = "sydon-rt"
version = "0.1.0"
dependencies = [
 "freelist",
]
